<?xml version="1.0" encoding="UTF-8" standalone="yes" ?>
<CodeBlocks_project_file>
	<FileVersion major="1" minor="6" />
	<Project>
		<Option title="Arc Engine" />
		<Option pch_mode="2" />
		<Option compiler="gcc" />
		<Option virtualFolders="Project/;Project/Timing/;Project/Core/;Project/Util/;Project/Util/Geometry/;Project/Util/Functions/;Project/Util/Collections/;Project/Graphics/;Project/Units/;Project/Audio/;Project/Events/;Project/Tracking/;Project/Input/;Project/Input/Listeners/;Project/Input/Sources/;Project/Input/Inputs/;Project/Units/Colliders/;Project/Units/Modules/;Project/Units/Containers/;Project/Core/Listeners/;Project/Scripting/;Project/Networking/;" />
		<Build>
			<Target title="Debug">
				<Option output="Debug/libArc" prefix_auto="1" extension_auto="1" />
				<Option object_output="obj/Debug/" />
				<Option type="3" />
				<Option compiler="gcc" />
				<Option createDefFile="1" />
				<Option createStaticLib="1" />
				<Compiler>
					<Add option="-pedantic" />
					<Add option="-std=c++0x" />
					<Add option="-Wall" />
					<Add option="-g" />
					<Add option="-D_DEBUG" />
				</Compiler>
			</Target>
			<Target title="Release">
				<Option output="Release/libArc" prefix_auto="1" extension_auto="1" />
				<Option object_output="obj/Release/" />
				<Option type="3" />
				<Option compiler="gcc" />
				<Option createDefFile="1" />
				<Option createStaticLib="1" />
				<Compiler>
					<Add option="-O2" />
					<Add option="-std=c++0x" />
					<Add option="-Wall" />
					<Add option="-D_RELEASE" />
				</Compiler>
				<Linker>
					<Add option="-s" />
				</Linker>
			</Target>
		</Build>
		<Compiler>
			<Add option="-Wall" />
		</Compiler>
		<Unit filename="Arc Engine/Arc/Angle.cpp">
			<Option virtualFolder="Project/Util/Geometry/" />
		</Unit>
		<Unit filename="Arc Engine/Arc/Angle.h">
			<Option virtualFolder="Project/Util/Geometry/" />
		</Unit>
		<Unit filename="Arc Engine/Arc/Animation.cpp">
			<Option virtualFolder="Project/Graphics/" />
		</Unit>
		<Unit filename="Arc Engine/Arc/Animation.h">
			<Option virtualFolder="Project/Graphics/" />
		</Unit>
		<Unit filename="Arc Engine/Arc/ArrayList.h">
			<Option virtualFolder="Project/Util/Collections/" />
		</Unit>
		<Unit filename="Arc Engine/Arc/AudioSystem.cpp">
			<Option virtualFolder="Project/Audio/" />
		</Unit>
		<Unit filename="Arc Engine/Arc/AudioSystem.h">
			<Option virtualFolder="Project/Audio/" />
		</Unit>
		<Unit filename="Arc Engine/Arc/Callbacks.h">
			<Option virtualFolder="Project/Events/" />
		</Unit>
		<Unit filename="Arc Engine/Arc/Circle.cpp">
			<Option virtualFolder="Project/Util/Geometry/" />
		</Unit>
		<Unit filename="Arc Engine/Arc/Circle.h">
			<Option virtualFolder="Project/Util/Geometry/" />
		</Unit>
		<Unit filename="Arc Engine/Arc/CircleCollider.cpp">
			<Option virtualFolder="Project/Units/Colliders/" />
		</Unit>
		<Unit filename="Arc Engine/Arc/CircleCollider.h">
			<Option virtualFolder="Project/Units/Colliders/" />
		</Unit>
		<Unit filename="Arc Engine/Arc/Collider.h">
			<Option virtualFolder="Project/Units/Colliders/" />
		</Unit>
		<Unit filename="Arc Engine/Arc/Color.cpp">
			<Option virtualFolder="Project/Graphics/" />
		</Unit>
		<Unit filename="Arc Engine/Arc/Color.h">
			<Option virtualFolder="Project/Graphics/" />
		</Unit>
		<Unit filename="Arc Engine/Arc/Common.h">
			<Option virtualFolder="Project/" />
		</Unit>
		<Unit filename="Arc Engine/Arc/Console.cpp">
			<Option virtualFolder="Project/Util/" />
		</Unit>
		<Unit filename="Arc Engine/Arc/Console.h">
			<Option virtualFolder="Project/Util/" />
		</Unit>
		<Unit filename="Arc Engine/Arc/Defines.h">
			<Option virtualFolder="Project/" />
		</Unit>
		<Unit filename="Arc Engine/Arc/Delegate.h">
			<Option virtualFolder="Project/Events/" />
		</Unit>
		<Unit filename="Arc Engine/Arc/Direction.h">
			<Option virtualFolder="Project/Util/Geometry/" />
		</Unit>
		<Unit filename="Arc Engine/Arc/Event.cpp">
			<Option virtualFolder="Project/Events/" />
		</Unit>
		<Unit filename="Arc Engine/Arc/Event.h">
			<Option virtualFolder="Project/Events/" />
		</Unit>
		<Unit filename="Arc Engine/Arc/EventData.h">
			<Option virtualFolder="Project/Events/" />
		</Unit>
		<Unit filename="Arc Engine/Arc/EventDispatcher.cpp">
			<Option virtualFolder="Project/Events/" />
		</Unit>
		<Unit filename="Arc Engine/Arc/EventDispatcher.h">
			<Option virtualFolder="Project/Events/" />
		</Unit>
		<Unit filename="Arc Engine/Arc/Font.cpp">
			<Option virtualFolder="Project/Graphics/" />
		</Unit>
		<Unit filename="Arc Engine/Arc/Font.h">
			<Option virtualFolder="Project/Graphics/" />
		</Unit>
		<Unit filename="Arc Engine/Arc/Functions.cpp">
			<Option virtualFolder="Project/Util/Functions/" />
		</Unit>
		<Unit filename="Arc Engine/Arc/Functions.h">
			<Option virtualFolder="Project/Util/Functions/" />
		</Unit>
		<Unit filename="Arc Engine/Arc/GamePad.h">
			<Option virtualFolder="Project/Input/Inputs/" />
		</Unit>
		<Unit filename="Arc Engine/Arc/Geom.h">
			<Option virtualFolder="Project/Util/Geometry/" />
		</Unit>
		<Unit filename="Arc Engine/Arc/GraphicsSystem.cpp">
			<Option virtualFolder="Project/Graphics/" />
		</Unit>
		<Unit filename="Arc Engine/Arc/GraphicsSystem.h">
			<Option virtualFolder="Project/Graphics/" />
		</Unit>
		<Unit filename="Arc Engine/Arc/ICollidable.h">
			<Option virtualFolder="Project/Units/Modules/" />
		</Unit>
		<Unit filename="Arc Engine/Arc/IDrawable.h">
			<Option virtualFolder="Project/Units/Modules/" />
		</Unit>
		<Unit filename="Arc Engine/Arc/IDrawableImage.h">
			<Option virtualFolder="Project/Units/Modules/" />
		</Unit>
		<Unit filename="Arc Engine/Arc/IFrameListener.h">
			<Option virtualFolder="Project/Core/Listeners/" />
		</Unit>
		<Unit filename="Arc Engine/Arc/IKeyboardListener.h">
			<Option virtualFolder="Project/Input/Listeners/" />
		</Unit>
		<Unit filename="Arc Engine/Arc/IMouseListener.h">
			<Option virtualFolder="Project/Input/Listeners/" />
		</Unit>
		<Unit filename="Arc Engine/Arc/IPhysicsObject.h">
			<Option virtualFolder="Project/Units/Modules/" />
		</Unit>
		<Unit filename="Arc Engine/Arc/ITextInputListener.h">
			<Option virtualFolder="Project/Input/Listeners/" />
		</Unit>
		<Unit filename="Arc Engine/Arc/InputFunc.cpp">
			<Option virtualFolder="Project/Util/Functions/" />
		</Unit>
		<Unit filename="Arc Engine/Arc/InputFunc.h">
			<Option virtualFolder="Project/Util/Functions/" />
		</Unit>
		<Unit filename="Arc Engine/Arc/InputSourceType.h">
			<Option virtualFolder="Project/Input/" />
		</Unit>
		<Unit filename="Arc Engine/Arc/InputState.h">
			<Option virtualFolder="Project/Input/" />
		</Unit>
		<Unit filename="Arc Engine/Arc/InputSystem.cpp">
			<Option virtualFolder="Project/Input/" />
		</Unit>
		<Unit filename="Arc Engine/Arc/InputSystem.h">
			<Option virtualFolder="Project/Input/" />
		</Unit>
		<Unit filename="Arc Engine/Arc/InputType.h">
			<Option virtualFolder="Project/Input/" />
		</Unit>
		<Unit filename="Arc Engine/Arc/Keyboard.h">
			<Option virtualFolder="Project/Input/Inputs/" />
		</Unit>
		<Unit filename="Arc Engine/Arc/KeyboardSource.cpp">
			<Option virtualFolder="Project/Input/Sources/" />
		</Unit>
		<Unit filename="Arc Engine/Arc/KeyboardSource.h">
			<Option virtualFolder="Project/Input/Sources/" />
		</Unit>
		<Unit filename="Arc Engine/Arc/Layer.cpp">
			<Option virtualFolder="Project/Units/Containers/" />
		</Unit>
		<Unit filename="Arc Engine/Arc/Layer.h">
			<Option virtualFolder="Project/Units/Containers/" />
		</Unit>
		<Unit filename="Arc Engine/Arc/Line.cpp">
			<Option virtualFolder="Project/Util/Geometry/" />
		</Unit>
		<Unit filename="Arc Engine/Arc/Line.h">
			<Option virtualFolder="Project/Util/Geometry/" />
		</Unit>
		<Unit filename="Arc Engine/Arc/LinkedList.h">
			<Option virtualFolder="Project/Util/Collections/" />
		</Unit>
		<Unit filename="Arc Engine/Arc/ManagedObject.cpp">
			<Option virtualFolder="Project/Tracking/" />
		</Unit>
		<Unit filename="Arc Engine/Arc/ManagedObject.h">
			<Option virtualFolder="Project/Tracking/" />
		</Unit>
		<Unit filename="Arc Engine/Arc/Manager.h">
			<Option virtualFolder="Project/Util/" />
		</Unit>
		<Unit filename="Arc Engine/Arc/Map.h">
			<Option virtualFolder="Project/Util/Collections/" />
		</Unit>
		<Unit filename="Arc Engine/Arc/MathFunc.cpp">
			<Option virtualFolder="Project/Util/Functions/" />
		</Unit>
		<Unit filename="Arc Engine/Arc/MathFunc.h">
			<Option virtualFolder="Project/Util/Functions/" />
		</Unit>
		<Unit filename="Arc Engine/Arc/MemoryTracker.cpp">
			<Option virtualFolder="Project/Tracking/" />
		</Unit>
		<Unit filename="Arc Engine/Arc/MemoryTracker.h">
			<Option virtualFolder="Project/Tracking/" />
		</Unit>
		<Unit filename="Arc Engine/Arc/Mouse.h">
			<Option virtualFolder="Project/Input/Inputs/" />
		</Unit>
		<Unit filename="Arc Engine/Arc/MouseSource.cpp">
			<Option virtualFolder="Project/Input/Sources/" />
		</Unit>
		<Unit filename="Arc Engine/Arc/MouseSource.h">
			<Option virtualFolder="Project/Input/Sources/" />
		</Unit>
		<Unit filename="Arc Engine/Arc/NetworkSystem.cpp">
			<Option virtualFolder="Project/Networking/" />
		</Unit>
		<Unit filename="Arc Engine/Arc/NetworkSystem.h">
			<Option virtualFolder="Project/Networking/" />
		</Unit>
		<Unit filename="Arc Engine/Arc/ParseFunc.cpp">
			<Option virtualFolder="Project/Util/Functions/" />
		</Unit>
		<Unit filename="Arc Engine/Arc/ParseFunc.h">
			<Option virtualFolder="Project/Util/Functions/" />
		</Unit>
		<Unit filename="Arc Engine/Arc/Program.cpp">
			<Option virtualFolder="Project/Core/" />
		</Unit>
		<Unit filename="Arc Engine/Arc/Program.h">
			<Option virtualFolder="Project/Core/" />
		</Unit>
		<Unit filename="Arc Engine/Arc/Queue.h">
			<Option virtualFolder="Project/Util/Collections/" />
		</Unit>
		<Unit filename="Arc Engine/Arc/RandFunc.cpp">
			<Option virtualFolder="Project/Util/Functions/" />
		</Unit>
		<Unit filename="Arc Engine/Arc/RandFunc.h">
			<Option virtualFolder="Project/Util/Functions/" />
		</Unit>
		<Unit filename="Arc Engine/Arc/Rect.cpp">
			<Option virtualFolder="Project/Util/Geometry/" />
		</Unit>
		<Unit filename="Arc Engine/Arc/Rect.h">
			<Option virtualFolder="Project/Util/Geometry/" />
		</Unit>
		<Unit filename="Arc Engine/Arc/RectCollider.cpp">
			<Option virtualFolder="Project/Units/Colliders/" />
		</Unit>
		<Unit filename="Arc Engine/Arc/RectCollider.h">
			<Option virtualFolder="Project/Units/Colliders/" />
		</Unit>
		<Unit filename="Arc Engine/Arc/RenderTarget.cpp">
			<Option virtualFolder="Project/Graphics/" />
		</Unit>
		<Unit filename="Arc Engine/Arc/RenderTarget.h">
			<Option virtualFolder="Project/Graphics/" />
		</Unit>
		<Unit filename="Arc Engine/Arc/RenderedText.cpp">
			<Option virtualFolder="Project/Graphics/" />
		</Unit>
		<Unit filename="Arc Engine/Arc/RenderedText.h">
			<Option virtualFolder="Project/Graphics/" />
		</Unit>
		<Unit filename="Arc Engine/Arc/Scene.cpp">
			<Option virtualFolder="Project/Units/Containers/" />
		</Unit>
		<Unit filename="Arc Engine/Arc/Scene.h">
			<Option virtualFolder="Project/Units/Containers/" />
		</Unit>
		<Unit filename="Arc Engine/Arc/ScriptingSystem.cpp">
			<Option virtualFolder="Project/Scripting/" />
		</Unit>
		<Unit filename="Arc Engine/Arc/ScriptingSystem.h">
			<Option virtualFolder="Project/Scripting/" />
		</Unit>
		<Unit filename="Arc Engine/Arc/Socket.cpp">
			<Option virtualFolder="Project/Networking/" />
		</Unit>
		<Unit filename="Arc Engine/Arc/Socket.h">
			<Option virtualFolder="Project/Networking/" />
		</Unit>
		<Unit filename="Arc Engine/Arc/SocketType.h">
			<Option virtualFolder="Project/Networking/" />
		</Unit>
		<Unit filename="Arc Engine/Arc/Sound.cpp">
			<Option virtualFolder="Project/Audio/" />
		</Unit>
		<Unit filename="Arc Engine/Arc/Sound.h">
			<Option virtualFolder="Project/Audio/" />
		</Unit>
		<Unit filename="Arc Engine/Arc/Sprite.cpp">
			<Option virtualFolder="Project/Graphics/" />
		</Unit>
		<Unit filename="Arc Engine/Arc/Sprite.h">
			<Option virtualFolder="Project/Graphics/" />
		</Unit>
		<Unit filename="Arc Engine/Arc/StreamFunc.cpp">
			<Option virtualFolder="Project/Util/Functions/" />
		</Unit>
		<Unit filename="Arc Engine/Arc/StreamFunc.h">
			<Option virtualFolder="Project/Util/Functions/" />
		</Unit>
		<Unit filename="Arc Engine/Arc/StringFunc.cpp">
			<Option virtualFolder="Project/Util/Functions/" />
		</Unit>
		<Unit filename="Arc Engine/Arc/StringFunc.h">
			<Option virtualFolder="Project/Util/Functions/" />
		</Unit>
		<Unit filename="Arc Engine/Arc/TextInputSource.cpp">
			<Option virtualFolder="Project/Input/Sources/" />
		</Unit>
		<Unit filename="Arc Engine/Arc/TextInputSource.h">
			<Option virtualFolder="Project/Input/Sources/" />
		</Unit>
		<Unit filename="Arc Engine/Arc/Texture.cpp">
			<Option virtualFolder="Project/Graphics/" />
		</Unit>
		<Unit filename="Arc Engine/Arc/Texture.h">
			<Option virtualFolder="Project/Graphics/" />
		</Unit>
		<Unit filename="Arc Engine/Arc/TimeFunc.cpp">
			<Option virtualFolder="Project/Util/Functions/" />
		</Unit>
		<Unit filename="Arc Engine/Arc/TimeFunc.h">
			<Option virtualFolder="Project/Util/Functions/" />
		</Unit>
		<Unit filename="Arc Engine/Arc/Timer.cpp">
			<Option virtualFolder="Project/Timing/" />
		</Unit>
		<Unit filename="Arc Engine/Arc/Timer.h">
			<Option virtualFolder="Project/Timing/" />
		</Unit>
		<Unit filename="Arc Engine/Arc/Unit.cpp">
			<Option virtualFolder="Project/Units/" />
		</Unit>
		<Unit filename="Arc Engine/Arc/Unit.h">
			<Option virtualFolder="Project/Units/" />
		</Unit>
		<Unit filename="Arc Engine/Arc/Vector2.cpp">
			<Option virtualFolder="Project/Util/Geometry/" />
		</Unit>
		<Unit filename="Arc Engine/Arc/Vector2.h">
			<Option virtualFolder="Project/Util/Geometry/" />
		</Unit>
		<Extensions>
			<envvars />
			<code_completion />
			<lib_finder disable_auto="1" />
			<debugger />
		</Extensions>
	</Project>
</CodeBlocks_project_file>
