<?xml version="1.0" encoding="utf-8"?>
<Project ToolsVersion="4.0" xmlns="http://schemas.microsoft.com/developer/msbuild/2003">
  <ItemGroup>
    <Filter Include="Project">
      <UniqueIdentifier>{4285ddd2-0dbe-41b6-86ff-9a6e3041460d}</UniqueIdentifier>
    </Filter>
    <Filter Include="Project\Timing">
      <UniqueIdentifier>{0ea70898-6225-400e-8e37-e11cb15fcca5}</UniqueIdentifier>
    </Filter>
    <Filter Include="Project\Tracking">
      <UniqueIdentifier>{a2678482-2e9e-4251-a4df-062ef209c816}</UniqueIdentifier>
    </Filter>
    <Filter Include="Project\Units">
      <UniqueIdentifier>{41191c89-07bf-449c-943a-6e8a1e41cbf1}</UniqueIdentifier>
    </Filter>
    <Filter Include="Project\Util">
      <UniqueIdentifier>{ad7ea3b0-a4ae-45bf-b943-9e216a83d29b}</UniqueIdentifier>
    </Filter>
    <Filter Include="Project\Util\Geom">
      <UniqueIdentifier>{b375a54a-1a6d-4d11-b181-ed90ec4fedab}</UniqueIdentifier>
    </Filter>
    <Filter Include="Project\Graphics">
      <UniqueIdentifier>{d2214987-b11d-4777-a5a1-9dd1cf0749a5}</UniqueIdentifier>
    </Filter>
    <Filter Include="Project\Input">
      <UniqueIdentifier>{bb63cfb7-3001-4c17-8125-01e2fde06dd1}</UniqueIdentifier>
    </Filter>
    <Filter Include="Project\Events">
      <UniqueIdentifier>{1c0c668f-19aa-499c-9f8f-b695f20d549a}</UniqueIdentifier>
    </Filter>
    <Filter Include="Project\Core">
      <UniqueIdentifier>{55748742-abca-499d-8bf2-1487eab318bb}</UniqueIdentifier>
    </Filter>
    <Filter Include="Project\Audio">
      <UniqueIdentifier>{522fe23d-e66a-40c2-800a-e1cf539a938b}</UniqueIdentifier>
    </Filter>
    <Filter Include="Project\Input\Inputs">
      <UniqueIdentifier>{047f728b-1ff4-49f8-a7f2-f1f382c0da1b}</UniqueIdentifier>
    </Filter>
    <Filter Include="Project\Input\Sources">
      <UniqueIdentifier>{ef690fe0-3c9d-4b9e-8a3e-afd91a62a719}</UniqueIdentifier>
    </Filter>
    <Filter Include="Project\Input\Interfaces">
      <UniqueIdentifier>{e6ac76da-ecdd-4afe-871a-7306e694babb}</UniqueIdentifier>
    </Filter>
    <Filter Include="Project\Util\Collections">
      <UniqueIdentifier>{00d66802-3b7a-41dc-bf2f-4a3e29fb334e}</UniqueIdentifier>
    </Filter>
    <Filter Include="Project\Util\Functions">
      <UniqueIdentifier>{46a06fd9-2e72-4d21-b9fd-9704ef57bbdf}</UniqueIdentifier>
    </Filter>
    <Filter Include="Project\Core\Interfaces">
      <UniqueIdentifier>{f26db4c4-d104-4a70-a074-5ca4e05f6025}</UniqueIdentifier>
    </Filter>
    <Filter Include="Project\Units\Colliders">
      <UniqueIdentifier>{04f85e26-e270-4acf-92a0-3d4e47bf0e78}</UniqueIdentifier>
    </Filter>
    <Filter Include="Project\Units\Organization">
      <UniqueIdentifier>{075920b5-37a8-4bc7-bb66-a89f0230b901}</UniqueIdentifier>
    </Filter>
    <Filter Include="Project\Scripting">
      <UniqueIdentifier>{f922a664-be1d-49b4-8c18-21e9f6708245}</UniqueIdentifier>
    </Filter>
    <Filter Include="Project\Units\Components">
      <UniqueIdentifier>{659464c9-4032-43c6-bb50-42611551ce82}</UniqueIdentifier>
    </Filter>
    <Filter Include="Project\Networking">
      <UniqueIdentifier>{52390d8e-c153-40c6-b41d-54cefbc4e9cd}</UniqueIdentifier>
    </Filter>
  </ItemGroup>
  <ItemGroup>
    <ClCompile Include="Event.cpp">
      <Filter>Project\Events</Filter>
    </ClCompile>
    <ClCompile Include="EventDispatcher.cpp">
      <Filter>Project\Events</Filter>
    </ClCompile>
    <ClCompile Include="Animation.cpp">
      <Filter>Project\Graphics</Filter>
    </ClCompile>
    <ClCompile Include="Color.cpp">
      <Filter>Project\Graphics</Filter>
    </ClCompile>
    <ClCompile Include="GraphicsSystem.cpp">
      <Filter>Project\Graphics</Filter>
    </ClCompile>
    <ClCompile Include="RenderTarget.cpp">
      <Filter>Project\Graphics</Filter>
    </ClCompile>
    <ClCompile Include="Texture.cpp">
      <Filter>Project\Graphics</Filter>
    </ClCompile>
    <ClCompile Include="Console.cpp">
      <Filter>Project\Util</Filter>
    </ClCompile>
    <ClCompile Include="Vector2.cpp">
      <Filter>Project\Util\Geom</Filter>
    </ClCompile>
    <ClCompile Include="Circle.cpp">
      <Filter>Project\Util\Geom</Filter>
    </ClCompile>
    <ClCompile Include="Rect.cpp">
      <Filter>Project\Util\Geom</Filter>
    </ClCompile>
    <ClCompile Include="MemoryTracker.cpp">
      <Filter>Project\Tracking</Filter>
    </ClCompile>
    <ClCompile Include="Timer.cpp">
      <Filter>Project\Timing</Filter>
    </ClCompile>
    <ClCompile Include="InputSystem.cpp">
      <Filter>Project\Input</Filter>
    </ClCompile>
    <ClCompile Include="KeyboardSource.cpp">
      <Filter>Project\Input\Sources</Filter>
    </ClCompile>
    <ClCompile Include="MouseSource.cpp">
      <Filter>Project\Input\Sources</Filter>
    </ClCompile>
    <ClCompile Include="TextInputSource.cpp">
      <Filter>Project\Input\Sources</Filter>
    </ClCompile>
    <ClCompile Include="ParseFunc.cpp">
      <Filter>Project\Util\Functions</Filter>
    </ClCompile>
    <ClCompile Include="Functions.cpp">
      <Filter>Project\Util\Functions</Filter>
    </ClCompile>
    <ClCompile Include="StringFunc.cpp">
      <Filter>Project\Util\Functions</Filter>
    </ClCompile>
    <ClCompile Include="RandFunc.cpp">
      <Filter>Project\Util\Functions</Filter>
    </ClCompile>
    <ClCompile Include="MathFunc.cpp">
      <Filter>Project\Util\Functions</Filter>
    </ClCompile>
    <ClCompile Include="TimeFunc.cpp">
      <Filter>Project\Util\Functions</Filter>
    </ClCompile>
    <ClCompile Include="InputFunc.cpp">
      <Filter>Project\Util\Functions</Filter>
    </ClCompile>
    <ClCompile Include="RectCollider.cpp">
      <Filter>Project\Units\Colliders</Filter>
    </ClCompile>
    <ClCompile Include="CircleCollider.cpp">
      <Filter>Project\Units\Colliders</Filter>
    </ClCompile>
    <ClCompile Include="Layer.cpp">
      <Filter>Project\Units\Organization</Filter>
    </ClCompile>
    <ClCompile Include="Scene.cpp">
      <Filter>Project\Units\Organization</Filter>
    </ClCompile>
    <ClCompile Include="Sound.cpp">
      <Filter>Project\Audio</Filter>
    </ClCompile>
    <ClCompile Include="AudioSystem.cpp">
      <Filter>Project\Audio</Filter>
    </ClCompile>
    <ClCompile Include="Triangle.cpp">
      <Filter>Project\Util\Geom</Filter>
    </ClCompile>
    <ClCompile Include="Program.cpp">
      <Filter>Project\Core</Filter>
    </ClCompile>
    <ClCompile Include="Line.cpp">
      <Filter>Project\Util\Geom</Filter>
    </ClCompile>
    <ClCompile Include="Unit.cpp">
      <Filter>Project\Units</Filter>
    </ClCompile>
    <ClCompile Include="Angle.cpp">
      <Filter>Project\Util\Geom</Filter>
    </ClCompile>
    <ClCompile Include="ManagedObject.cpp">
      <Filter>Project\Tracking</Filter>
    </ClCompile>
    <ClCompile Include="RenderedText.cpp">
      <Filter>Project\Graphics</Filter>
    </ClCompile>
    <ClCompile Include="Font.cpp">
      <Filter>Project\Graphics</Filter>
    </ClCompile>
    <ClCompile Include="ScriptingSystem.cpp">
      <Filter>Project\Scripting</Filter>
    </ClCompile>
    <ClCompile Include="StreamFunc.cpp">
      <Filter>Project\Util\Functions</Filter>
    </ClCompile>
    <ClCompile Include="Component.cpp">
      <Filter>Project\Units\Components</Filter>
    </ClCompile>
    <ClCompile Include="ImageComponent.cpp">
      <Filter>Project\Units\Components</Filter>
    </ClCompile>
    <ClCompile Include="PhysicsComponent.cpp">
      <Filter>Project\Units\Components</Filter>
    </ClCompile>
    <ClCompile Include="ShapeComponent.cpp">
      <Filter>Project\Units\Components</Filter>
    </ClCompile>
    <ClCompile Include="AnimatedComponent.cpp">
      <Filter>Project\Units\Components</Filter>
    </ClCompile>
    <ClCompile Include="IPAddress.cpp">
      <Filter>Project\Networking</Filter>
    </ClCompile>
    <ClCompile Include="NetworkSystem.cpp">
      <Filter>Project\Networking</Filter>
    </ClCompile>
    <ClCompile Include="Socket.cpp">
      <Filter>Project\Networking</Filter>
    </ClCompile>
    <ClCompile Include="DrawableComponent.cpp">
      <Filter>Project\Units\Components</Filter>
    </ClCompile>
    <ClCompile Include="TextComponent.cpp">
      <Filter>Project\Units\Components</Filter>
    </ClCompile>
    <ClCompile Include="Origin.cpp">
      <Filter>Project\Units</Filter>
    </ClCompile>
  </ItemGroup>
  <ItemGroup>
    <ClInclude Include="Callbacks.h">
      <Filter>Project\Events</Filter>
    </ClInclude>
    <ClInclude Include="Delegate.h">
      <Filter>Project\Events</Filter>
    </ClInclude>
    <ClInclude Include="Event.h">
      <Filter>Project\Events</Filter>
    </ClInclude>
    <ClInclude Include="EventData.h">
      <Filter>Project\Events</Filter>
    </ClInclude>
    <ClInclude Include="EventDispatcher.h">
      <Filter>Project\Events</Filter>
    </ClInclude>
    <ClInclude Include="Animation.h">
      <Filter>Project\Graphics</Filter>
    </ClInclude>
    <ClInclude Include="Color.h">
      <Filter>Project\Graphics</Filter>
    </ClInclude>
    <ClInclude Include="GraphicsSystem.h">
      <Filter>Project\Graphics</Filter>
    </ClInclude>
    <ClInclude Include="RenderTarget.h">
      <Filter>Project\Graphics</Filter>
    </ClInclude>
    <ClInclude Include="Sprite.h">
      <Filter>Project\Graphics</Filter>
    </ClInclude>
    <ClInclude Include="Texture.h">
      <Filter>Project\Graphics</Filter>
    </ClInclude>
    <ClInclude Include="Console.h">
      <Filter>Project\Util</Filter>
    </ClInclude>
    <ClInclude Include="Vector2.h">
      <Filter>Project\Util\Geom</Filter>
    </ClInclude>
    <ClInclude Include="Circle.h">
      <Filter>Project\Util\Geom</Filter>
    </ClInclude>
    <ClInclude Include="Rect.h">
      <Filter>Project\Util\Geom</Filter>
    </ClInclude>
    <ClInclude Include="MemoryTracker.h">
      <Filter>Project\Tracking</Filter>
    </ClInclude>
    <ClInclude Include="Timer.h">
      <Filter>Project\Timing</Filter>
    </ClInclude>
    <ClInclude Include="Geom.h">
      <Filter>Project\Util\Geom</Filter>
    </ClInclude>
    <ClInclude Include="Direction.h">
      <Filter>Project\Util\Geom</Filter>
    </ClInclude>
    <ClInclude Include="InputState.h">
      <Filter>Project\Input</Filter>
    </ClInclude>
    <ClInclude Include="GamePad.h">
      <Filter>Project\Input\Inputs</Filter>
    </ClInclude>
    <ClInclude Include="InputSystem.h">
      <Filter>Project\Input</Filter>
    </ClInclude>
    <ClInclude Include="Keyboard.h">
      <Filter>Project\Input\Inputs</Filter>
    </ClInclude>
    <ClInclude Include="Mouse.h">
      <Filter>Project\Input\Inputs</Filter>
    </ClInclude>
    <ClInclude Include="KeyboardSource.h">
      <Filter>Project\Input\Sources</Filter>
    </ClInclude>
    <ClInclude Include="MouseSource.h">
      <Filter>Project\Input\Sources</Filter>
    </ClInclude>
    <ClInclude Include="InputSourceType.h">
      <Filter>Project\Input\Inputs</Filter>
    </ClInclude>
    <ClInclude Include="InputType.h">
      <Filter>Project\Input</Filter>
    </ClInclude>
    <ClInclude Include="IKeyboardListener.h">
      <Filter>Project\Input\Interfaces</Filter>
    </ClInclude>
    <ClInclude Include="IMouseListener.h">
      <Filter>Project\Input\Interfaces</Filter>
    </ClInclude>
    <ClInclude Include="TextInputSource.h">
      <Filter>Project\Input\Sources</Filter>
    </ClInclude>
    <ClInclude Include="ITextInputListener.h">
      <Filter>Project\Input\Interfaces</Filter>
    </ClInclude>
    <ClInclude Include="ArrayList.h">
      <Filter>Project\Util\Collections</Filter>
    </ClInclude>
    <ClInclude Include="LinkedList.h">
      <Filter>Project\Util\Collections</Filter>
    </ClInclude>
    <ClInclude Include="Map.h">
      <Filter>Project\Util\Collections</Filter>
    </ClInclude>
    <ClInclude Include="Queue.h">
      <Filter>Project\Util\Collections</Filter>
    </ClInclude>
    <ClInclude Include="Functions.h">
      <Filter>Project\Util\Functions</Filter>
    </ClInclude>
    <ClInclude Include="ParseFunc.h">
      <Filter>Project\Util\Functions</Filter>
    </ClInclude>
    <ClInclude Include="StringFunc.h">
      <Filter>Project\Util\Functions</Filter>
    </ClInclude>
    <ClInclude Include="MathFunc.h">
      <Filter>Project\Util\Functions</Filter>
    </ClInclude>
    <ClInclude Include="RandFunc.h">
      <Filter>Project\Util\Functions</Filter>
    </ClInclude>
    <ClInclude Include="TimeFunc.h">
      <Filter>Project\Util\Functions</Filter>
    </ClInclude>
    <ClInclude Include="InputFunc.h">
      <Filter>Project\Util\Functions</Filter>
    </ClInclude>
    <ClInclude Include="Unit.h">
      <Filter>Project\Units</Filter>
    </ClInclude>
    <ClInclude Include="IFrameListener.h">
      <Filter>Project\Core\Interfaces</Filter>
    </ClInclude>
    <ClInclude Include="Manager.h">
      <Filter>Project\Util</Filter>
    </ClInclude>
    <ClInclude Include="Collider.h">
      <Filter>Project\Units\Colliders</Filter>
    </ClInclude>
    <ClInclude Include="RectCollider.h">
      <Filter>Project\Units\Colliders</Filter>
    </ClInclude>
    <ClInclude Include="CircleCollider.h">
      <Filter>Project\Units\Colliders</Filter>
    </ClInclude>
    <ClInclude Include="OriginLocation.h">
      <Filter>Project\Units</Filter>
    </ClInclude>
    <ClInclude Include="Layer.h">
      <Filter>Project\Units\Organization</Filter>
    </ClInclude>
    <ClInclude Include="Scene.h">
      <Filter>Project\Units\Organization</Filter>
    </ClInclude>
    <ClInclude Include="Sound.h">
      <Filter>Project\Audio</Filter>
    </ClInclude>
    <ClInclude Include="AudioSystem.h">
      <Filter>Project\Audio</Filter>
    </ClInclude>
    <ClInclude Include="Common.h">
      <Filter>Project</Filter>
    </ClInclude>
    <ClInclude Include="Defines.h">
      <Filter>Project</Filter>
    </ClInclude>
    <ClInclude Include="Triangle.h">
      <Filter>Project\Util\Geom</Filter>
    </ClInclude>
    <ClInclude Include="Program.h">
      <Filter>Project\Core</Filter>
    </ClInclude>
    <ClInclude Include="Line.h">
      <Filter>Project\Util\Geom</Filter>
    </ClInclude>
    <ClInclude Include="Angle.h">
      <Filter>Project\Util\Geom</Filter>
    </ClInclude>
    <ClInclude Include="ManagedObject.h">
      <Filter>Project\Tracking</Filter>
    </ClInclude>
    <ClInclude Include="RenderedText.h">
      <Filter>Project\Graphics</Filter>
    </ClInclude>
    <ClInclude Include="Font.h">
      <Filter>Project\Graphics</Filter>
    </ClInclude>
    <ClInclude Include="ScriptingSystem.h">
      <Filter>Project\Scripting</Filter>
    </ClInclude>
    <ClInclude Include="StreamFunc.h">
      <Filter>Project\Util\Functions</Filter>
    </ClInclude>
    <ClInclude Include="Component.h">
      <Filter>Project\Units\Components</Filter>
    </ClInclude>
    <ClInclude Include="ArrayFunc.h">
      <Filter>Project\Util\Functions</Filter>
    </ClInclude>
    <ClInclude Include="ImageComponent.h">
      <Filter>Project\Units\Components</Filter>
    </ClInclude>
    <ClInclude Include="PhysicsComponent.h">
      <Filter>Project\Units\Components</Filter>
    </ClInclude>
    <ClInclude Include="ShapeComponent.h">
      <Filter>Project\Units\Components</Filter>
    </ClInclude>
    <ClInclude Include="AnimatedComponent.h">
      <Filter>Project\Units\Components</Filter>
    </ClInclude>
    <ClInclude Include="IPAddress.h">
      <Filter>Project\Networking</Filter>
    </ClInclude>
    <ClInclude Include="NetworkSystem.h">
      <Filter>Project\Networking</Filter>
    </ClInclude>
    <ClInclude Include="Socket.h">
      <Filter>Project\Networking</Filter>
    </ClInclude>
    <ClInclude Include="SocketType.h">
      <Filter>Project\Networking</Filter>
    </ClInclude>
    <ClInclude Include="Shapes.h">
      <Filter>Project\Util\Geom</Filter>
    </ClInclude>
    <ClInclude Include="DrawableComponent.h">
      <Filter>Project\Units\Components</Filter>
    </ClInclude>
    <ClInclude Include="TextComponent.h">
      <Filter>Project\Units\Components</Filter>
    </ClInclude>
    <ClInclude Include="ISerializable.h">
      <Filter>Project\Core\Interfaces</Filter>
    </ClInclude>
    <ClInclude Include="Origin.h">
      <Filter>Project\Units</Filter>
    </ClInclude>
  </ItemGroup>
</Project>