<?xml version="1.0" encoding="UTF-8" standalone="yes" ?>
<CodeBlocks_project_file>
	<FileVersion major="1" minor="6" />
	<Project>
		<Option title="Arc" />
		<Option pch_mode="2" />
		<Option compiler="gcc" />
		<Option virtualFolders="Project/;Project/Timing/;Project/Core/;Project/Util/;Project/Util/Geometry/;Project/Util/Functions/;Project/Util/Collections/;Project/Graphics/;Project/Units/;Project/Audio/;Project/Events/;Project/Tracking/;Project/Input/;Project/Input/Listeners/;Project/Input/Sources/;Project/Input/Inputs/;Project/Units/Colliders/;Project/Units/Modules/;Project/Units/Containers/;Project/Core/Listeners/;Project/Scripting/;Project/Networking/;" />
		<Build>
			<Target title="Debug">
				<Option output="Debug/libArc" prefix_auto="1" extension_auto="1" />
				<Option object_output="obj/Debug/" />
				<Option type="3" />
				<Option compiler="gcc" />
				<Option createDefFile="1" />
				<Option createStaticLib="1" />
				<Compiler>
					<Add option="-pedantic" />
					<Add option="-std=c++0x" />
					<Add option="-Wall" />
					<Add option="-g" />
					<Add option="-D_DEBUG" />
				</Compiler>
			</Target>
			<Target title="Release">
				<Option output="Release/libArc" prefix_auto="1" extension_auto="1" />
				<Option object_output="obj/Release/" />
				<Option type="3" />
				<Option compiler="gcc" />
				<Option createDefFile="1" />
				<Option createStaticLib="1" />
				<Compiler>
					<Add option="-O2" />
					<Add option="-std=c++0x" />
					<Add option="-Wall" />
					<Add option="-D_RELEASE" />
				</Compiler>
				<Linker>
					<Add option="-s" />
				</Linker>
			</Target>
		</Build>
		<Compiler>
			<Add option="-Wall" />
		</Compiler>
    <Unit filename="Arc/Event.cpp">
      <Option virtualFolder="Project/Events" />
    </Unit>
    <Unit filename="Arc/EventDispatcher.cpp">
      <Option virtualFolder="Project/Events" />
    </Unit>
    <Unit filename="Arc/Animation.cpp">
      <Option virtualFolder="Project/Graphics" />
    </Unit>
    <Unit filename="Arc/Color.cpp">
      <Option virtualFolder="Project/Graphics" />
    </Unit>
    <Unit filename="Arc/GraphicsSystem.cpp">
      <Option virtualFolder="Project/Graphics" />
    </Unit>
    <Unit filename="Arc/RenderTarget.cpp">
      <Option virtualFolder="Project/Graphics" />
    </Unit>
    <Unit filename="Arc/Texture.cpp">
      <Option virtualFolder="Project/Graphics" />
    </Unit>
    <Unit filename="Arc/Console.cpp">
      <Option virtualFolder="Project/Util" />
    </Unit>
    <Unit filename="Arc/Vector2.cpp">
      <Option virtualFolder="Project/Util/Geom" />
    </Unit>
    <Unit filename="Arc/Circle.cpp">
      <Option virtualFolder="Project/Util/Geom" />
    </Unit>
    <Unit filename="Arc/Rect.cpp">
      <Option virtualFolder="Project/Util/Geom" />
    </Unit>
    <Unit filename="Arc/MemoryTracker.cpp">
      <Option virtualFolder="Project/Tracking" />
    </Unit>
    <Unit filename="Arc/Timer.cpp">
      <Option virtualFolder="Project/Timing" />
    </Unit>
    <Unit filename="Arc/InputSystem.cpp">
      <Option virtualFolder="Project/Input" />
    </Unit>
    <Unit filename="Arc/KeyboardSource.cpp">
      <Option virtualFolder="Project/Input/Sources" />
    </Unit>
    <Unit filename="Arc/MouseSource.cpp">
      <Option virtualFolder="Project/Input/Sources" />
    </Unit>
    <Unit filename="Arc/ParseFunc.cpp">
      <Option virtualFolder="Project/Util/Functions" />
    </Unit>
    <Unit filename="Arc/Functions.cpp">
      <Option virtualFolder="Project/Util/Functions" />
    </Unit>
    <Unit filename="Arc/StringFunc.cpp">
      <Option virtualFolder="Project/Util/Functions" />
    </Unit>
    <Unit filename="Arc/RandFunc.cpp">
      <Option virtualFolder="Project/Util/Functions" />
    </Unit>
    <Unit filename="Arc/MathFunc.cpp">
      <Option virtualFolder="Project/Util/Functions" />
    </Unit>
    <Unit filename="Arc/TimeFunc.cpp">
      <Option virtualFolder="Project/Util/Functions" />
    </Unit>
    <Unit filename="Arc/InputFunc.cpp">
      <Option virtualFolder="Project/Util/Functions" />
    </Unit>
    <Unit filename="Arc/RectCollider.cpp">
      <Option virtualFolder="Project/Units/Colliders" />
    </Unit>
    <Unit filename="Arc/CircleCollider.cpp">
      <Option virtualFolder="Project/Units/Colliders" />
    </Unit>
    <Unit filename="Arc/Layer.cpp">
      <Option virtualFolder="Project/Units/Organization" />
    </Unit>
    <Unit filename="Arc/Scene.cpp">
      <Option virtualFolder="Project/Units/Organization" />
    </Unit>
    <Unit filename="Arc/Sound.cpp">
      <Option virtualFolder="Project/Audio" />
    </Unit>
    <Unit filename="Arc/AudioSystem.cpp">
      <Option virtualFolder="Project/Audio" />
    </Unit>
    <Unit filename="Arc/Unit.cpp">
      <Option virtualFolder="Project/Units" />
    </Unit>
    <Unit filename="Arc/Angle.cpp">
      <Option virtualFolder="Project/Util/Geom" />
    </Unit>
    <Unit filename="Arc/ManagedObject.cpp">
      <Option virtualFolder="Project/Tracking" />
    </Unit>
    <Unit filename="Arc/RenderedText.cpp">
      <Option virtualFolder="Project/Graphics" />
    </Unit>
    <Unit filename="Arc/Font.cpp">
      <Option virtualFolder="Project/Graphics" />
    </Unit>
    <Unit filename="Arc/ScriptingSystem.cpp">
      <Option virtualFolder="Project/Scripting" />
    </Unit>
    <Unit filename="Arc/StreamFunc.cpp">
      <Option virtualFolder="Project/Util/Functions" />
    </Unit>
    <Unit filename="Arc/ImageComponent.cpp">
      <Option virtualFolder="Project/Units/Components" />
    </Unit>
    <Unit filename="Arc/PhysicsComponent.cpp">
      <Option virtualFolder="Project/Units/Components" />
    </Unit>
    <Unit filename="Arc/ShapeComponent.cpp">
      <Option virtualFolder="Project/Units/Components" />
    </Unit>
    <Unit filename="Arc/AnimatedComponent.cpp">
      <Option virtualFolder="Project/Units/Components" />
    </Unit>
    <Unit filename="Arc/IPAddress.cpp">
      <Option virtualFolder="Project/Networking" />
    </Unit>
    <Unit filename="Arc/NetworkSystem.cpp">
      <Option virtualFolder="Project/Networking" />
    </Unit>
    <Unit filename="Arc/Socket.cpp">
      <Option virtualFolder="Project/Networking" />
    </Unit>
    <Unit filename="Arc/DrawableComponent.cpp">
      <Option virtualFolder="Project/Units/Components" />
    </Unit>
    <Unit filename="Arc/TextComponent.cpp">
      <Option virtualFolder="Project/Units/Components" />
    </Unit>
    <Unit filename="Arc/Origin.cpp">
      <Option virtualFolder="Project/Units" />
    </Unit>
    <Unit filename="Arc/ServerSocket.cpp">
      <Option virtualFolder="Project/Networking" />
    </Unit>
    <Unit filename="Arc/MathHelper.cpp">
      <Option virtualFolder="Project/Util/Helpers" />
    </Unit>
    <Unit filename="Arc/AngleHelper.cpp">
      <Option virtualFolder="Project/Util/Helpers" />
    </Unit>
    <Unit filename="Arc/StringHelper.cpp">
      <Option virtualFolder="Project/Util/Helpers" />
    </Unit>
    <Unit filename="Arc/Buffer.cpp">
      <Option virtualFolder="Project/Util" />
    </Unit>
    <Unit filename="Arc/ISerializable.cpp">
      <Option virtualFolder="Project/Core/Interfaces" />
    </Unit>
    <Unit filename="Arc/UnitComponent.cpp">
      <Option virtualFolder="Project/Units/Components" />
    </Unit>
    <Unit filename="Arc/ConsoleProgram.cpp">
      <Option virtualFolder="Project/Core/Program" />
    </Unit>
    <Unit filename="Arc/GraphicalProgram.cpp">
      <Option virtualFolder="Project/Core/Program" />
    </Unit>
    <Unit filename="Arc/Program.cpp">
      <Option virtualFolder="Project/Core/Program" />
    </Unit>
    <Unit filename="Arc/SystemComponent.cpp">
      <Option virtualFolder="Project/Core" />
    </Unit>
    <Unit filename="Arc/Callbacks.h">
      <Option virtualFolder="Project/Events" />
    </Unit>
    <Unit filename="Arc/Delegate.h">
      <Option virtualFolder="Project/Events" />
    </Unit>
    <Unit filename="Arc/Event.h">
      <Option virtualFolder="Project/Events" />
    </Unit>
    <Unit filename="Arc/EventData.h">
      <Option virtualFolder="Project/Events" />
    </Unit>
    <Unit filename="Arc/EventDispatcher.h">
      <Option virtualFolder="Project/Events" />
    </Unit>
    <Unit filename="Arc/Animation.h">
      <Option virtualFolder="Project/Graphics" />
    </Unit>
    <Unit filename="Arc/Color.h">
      <Option virtualFolder="Project/Graphics" />
    </Unit>
    <Unit filename="Arc/GraphicsSystem.h">
      <Option virtualFolder="Project/Graphics" />
    </Unit>
    <Unit filename="Arc/RenderTarget.h">
      <Option virtualFolder="Project/Graphics" />
    </Unit>
    <Unit filename="Arc/Sprite.h">
      <Option virtualFolder="Project/Graphics" />
    </Unit>
    <Unit filename="Arc/Texture.h">
      <Option virtualFolder="Project/Graphics" />
    </Unit>
    <Unit filename="Arc/Console.h">
      <Option virtualFolder="Project/Util" />
    </Unit>
    <Unit filename="Arc/Vector2.h">
      <Option virtualFolder="Project/Util/Geom" />
    </Unit>
    <Unit filename="Arc/Circle.h">
      <Option virtualFolder="Project/Util/Geom" />
    </Unit>
    <Unit filename="Arc/Rect.h">
      <Option virtualFolder="Project/Util/Geom" />
    </Unit>
    <Unit filename="Arc/MemoryTracker.h">
      <Option virtualFolder="Project/Tracking" />
    </Unit>
    <Unit filename="Arc/Timer.h">
      <Option virtualFolder="Project/Timing" />
    </Unit>
    <Unit filename="Arc/Geom.h">
      <Option virtualFolder="Project/Util/Geom" />
    </Unit>
    <Unit filename="Arc/InputState.h">
      <Option virtualFolder="Project/Input" />
    </Unit>
    <Unit filename="Arc/GamePad.h">
      <Option virtualFolder="Project/Input/Inputs" />
    </Unit>
    <Unit filename="Arc/InputSystem.h">
      <Option virtualFolder="Project/Input" />
    </Unit>
    <Unit filename="Arc/Keyboard.h">
      <Option virtualFolder="Project/Input/Inputs" />
    </Unit>
    <Unit filename="Arc/Mouse.h">
      <Option virtualFolder="Project/Input/Inputs" />
    </Unit>
    <Unit filename="Arc/KeyboardSource.h">
      <Option virtualFolder="Project/Input/Sources" />
    </Unit>
    <Unit filename="Arc/MouseSource.h">
      <Option virtualFolder="Project/Input/Sources" />
    </Unit>
    <Unit filename="Arc/InputSourceType.h">
      <Option virtualFolder="Project/Input/Inputs" />
    </Unit>
    <Unit filename="Arc/InputType.h">
      <Option virtualFolder="Project/Input" />
    </Unit>
    <Unit filename="Arc/IKeyboardListener.h">
      <Option virtualFolder="Project/Input/Interfaces" />
    </Unit>
    <Unit filename="Arc/IMouseListener.h">
      <Option virtualFolder="Project/Input/Interfaces" />
    </Unit>
    <Unit filename="Arc/ArrayList.h">
      <Option virtualFolder="Project/Util/Collections" />
    </Unit>
    <Unit filename="Arc/LinkedList.h">
      <Option virtualFolder="Project/Util/Collections" />
    </Unit>
    <Unit filename="Arc/Map.h">
      <Option virtualFolder="Project/Util/Collections" />
    </Unit>
    <Unit filename="Arc/Queue.h">
      <Option virtualFolder="Project/Util/Collections" />
    </Unit>
    <Unit filename="Arc/Functions.h">
      <Option virtualFolder="Project/Util/Functions" />
    </Unit>
    <Unit filename="Arc/ParseFunc.h">
      <Option virtualFolder="Project/Util/Functions" />
    </Unit>
    <Unit filename="Arc/StringFunc.h">
      <Option virtualFolder="Project/Util/Functions" />
    </Unit>
    <Unit filename="Arc/MathFunc.h">
      <Option virtualFolder="Project/Util/Functions" />
    </Unit>
    <Unit filename="Arc/RandFunc.h">
      <Option virtualFolder="Project/Util/Functions" />
    </Unit>
    <Unit filename="Arc/TimeFunc.h">
      <Option virtualFolder="Project/Util/Functions" />
    </Unit>
    <Unit filename="Arc/InputFunc.h">
      <Option virtualFolder="Project/Util/Functions" />
    </Unit>
    <Unit filename="Arc/Unit.h">
      <Option virtualFolder="Project/Units" />
    </Unit>
    <Unit filename="Arc/IFrameListener.h">
      <Option virtualFolder="Project/Core/Interfaces" />
    </Unit>
    <Unit filename="Arc/Collider.h">
      <Option virtualFolder="Project/Units/Colliders" />
    </Unit>
    <Unit filename="Arc/RectCollider.h">
      <Option virtualFolder="Project/Units/Colliders" />
    </Unit>
    <Unit filename="Arc/CircleCollider.h">
      <Option virtualFolder="Project/Units/Colliders" />
    </Unit>
    <Unit filename="Arc/OriginLocation.h">
      <Option virtualFolder="Project/Units" />
    </Unit>
    <Unit filename="Arc/Layer.h">
      <Option virtualFolder="Project/Units/Organization" />
    </Unit>
    <Unit filename="Arc/Scene.h">
      <Option virtualFolder="Project/Units/Organization" />
    </Unit>
    <Unit filename="Arc/Sound.h">
      <Option virtualFolder="Project/Audio" />
    </Unit>
    <Unit filename="Arc/AudioSystem.h">
      <Option virtualFolder="Project/Audio" />
    </Unit>
    <Unit filename="Arc/Common.h">
      <Option virtualFolder="Project" />
    </Unit>
    <Unit filename="Arc/Defines.h">
      <Option virtualFolder="Project" />
    </Unit>
    <Unit filename="Arc/Angle.h">
      <Option virtualFolder="Project/Util/Geom" />
    </Unit>
    <Unit filename="Arc/ManagedObject.h">
      <Option virtualFolder="Project/Tracking" />
    </Unit>
    <Unit filename="Arc/RenderedText.h">
      <Option virtualFolder="Project/Graphics" />
    </Unit>
    <Unit filename="Arc/Font.h">
      <Option virtualFolder="Project/Graphics" />
    </Unit>
    <Unit filename="Arc/ScriptingSystem.h">
      <Option virtualFolder="Project/Scripting" />
    </Unit>
    <Unit filename="Arc/StreamFunc.h">
      <Option virtualFolder="Project/Util/Functions" />
    </Unit>
    <Unit filename="Arc/ArrayFunc.h">
      <Option virtualFolder="Project/Util/Functions" />
    </Unit>
    <Unit filename="Arc/ImageComponent.h">
      <Option virtualFolder="Project/Units/Components" />
    </Unit>
    <Unit filename="Arc/PhysicsComponent.h">
      <Option virtualFolder="Project/Units/Components" />
    </Unit>
    <Unit filename="Arc/ShapeComponent.h">
      <Option virtualFolder="Project/Units/Components" />
    </Unit>
    <Unit filename="Arc/AnimatedComponent.h">
      <Option virtualFolder="Project/Units/Components" />
    </Unit>
    <Unit filename="Arc/IPAddress.h">
      <Option virtualFolder="Project/Networking" />
    </Unit>
    <Unit filename="Arc/NetworkSystem.h">
      <Option virtualFolder="Project/Networking" />
    </Unit>
    <Unit filename="Arc/Socket.h">
      <Option virtualFolder="Project/Networking" />
    </Unit>
    <Unit filename="Arc/SocketType.h">
      <Option virtualFolder="Project/Networking" />
    </Unit>
    <Unit filename="Arc/Shapes.h">
      <Option virtualFolder="Project/Util/Geom" />
    </Unit>
    <Unit filename="Arc/DrawableComponent.h">
      <Option virtualFolder="Project/Units/Components" />
    </Unit>
    <Unit filename="Arc/TextComponent.h">
      <Option virtualFolder="Project/Units/Components" />
    </Unit>
    <Unit filename="Arc/ISerializable.h">
      <Option virtualFolder="Project/Core/Interfaces" />
    </Unit>
    <Unit filename="Arc/Origin.h">
      <Option virtualFolder="Project/Units" />
    </Unit>
    <Unit filename="Arc/ServerSocket.h">
      <Option virtualFolder="Project/Networking" />
    </Unit>
    <Unit filename="Arc/MathHelper.h">
      <Option virtualFolder="Project/Util/Helpers" />
    </Unit>
    <Unit filename="Arc/AngleHelper.h">
      <Option virtualFolder="Project/Util/Helpers" />
    </Unit>
    <Unit filename="Arc/StringHelper.h">
      <Option virtualFolder="Project/Util/Helpers" />
    </Unit>
    <Unit filename="Arc/Buffer.h">
      <Option virtualFolder="Project/Util" />
    </Unit>
    <Unit filename="Arc/Stack.h">
      <Option virtualFolder="Project/Util/Collections" />
    </Unit>
    <Unit filename="Arc/ArrayListBuilder.h">
      <Option virtualFolder="Project/Util/Collections" />
    </Unit>
    <Unit filename="Arc/UnitComponent.h">
      <Option virtualFolder="Project/Units/Components" />
    </Unit>
    <Unit filename="Arc/ConsoleProgram.h">
      <Option virtualFolder="Project/Core/Program" />
    </Unit>
    <Unit filename="Arc/GraphicalProgram.h">
      <Option virtualFolder="Project/Core/Program" />
    </Unit>
    <Unit filename="Arc/Program.h">
      <Option virtualFolder="Project/Core/Program" />
    </Unit>
    <Unit filename="Arc/SystemComponent.h">
      <Option virtualFolder="Project/Core" />
    </Unit>
    <Unit filename="Arc/FrameTime.h">
      <Option virtualFolder="Project/Core/Program" />
    </Unit>
		<Extensions>
			<envvars />
			<code_completion />
			<lib_finder disable_auto="1" />
			<debugger />
		</Extensions>
	</Project>
</CodeBlocks_project_file>
